// !$*UTF8*$!
{
	archiveVersion = 1;
	classes = {
	};
	objectVersion = 46;
	objects = {

/* Begin PBXBuildFile section */
		ACA57549D18BBC4B10AE6D17 /* libPods-wormhole.a in Frameworks */ = {isa = PBXBuildFile; fileRef = 50B9762547A575A3FA6E111A /* libPods-wormhole.a */; };
		D0B75F3A1AA4B058006DB445 /* main.m in Sources */ = {isa = PBXBuildFile; fileRef = D0B75F391AA4B058006DB445 /* main.m */; };
		D0B75F3D1AA4B058006DB445 /* AppDelegate.m in Sources */ = {isa = PBXBuildFile; fileRef = D0B75F3C1AA4B058006DB445 /* AppDelegate.m */; };
		D0B75F401AA4B058006DB445 /* CreateItineraryViewController.m in Sources */ = {isa = PBXBuildFile; fileRef = D0B75F3F1AA4B058006DB445 /* CreateItineraryViewController.m */; };
		D0B75F431AA4B058006DB445 /* Main.storyboard in Resources */ = {isa = PBXBuildFile; fileRef = D0B75F411AA4B058006DB445 /* Main.storyboard */; };
		D0B75F451AA4B058006DB445 /* Images.xcassets in Resources */ = {isa = PBXBuildFile; fileRef = D0B75F441AA4B058006DB445 /* Images.xcassets */; };
		D0B75F481AA4B058006DB445 /* LaunchScreen.xib in Resources */ = {isa = PBXBuildFile; fileRef = D0B75F461AA4B058006DB445 /* LaunchScreen.xib */; };
		D0B75F541AA4B058006DB445 /* wormholeTests.m in Sources */ = {isa = PBXBuildFile; fileRef = D0B75F531AA4B058006DB445 /* wormholeTests.m */; };
		D0FBB98F1AA4ECEB001D5270 /* HereAPI.m in Sources */ = {isa = PBXBuildFile; fileRef = D0FBB98E1AA4ECEB001D5270 /* HereAPI.m */; };
		D0FBB9931AA4F321001D5270 /* Localizable.strings in Resources */ = {isa = PBXBuildFile; fileRef = D0FBB9921AA4F321001D5270 /* Localizable.strings */; };
		D0FBB9981AA4F67D001D5270 /* SearchViewController.m in Sources */ = {isa = PBXBuildFile; fileRef = D0FBB9971AA4F67D001D5270 /* SearchViewController.m */; };
		D0FBB99B1AA4FB60001D5270 /* CreateItineraryDataSource.m in Sources */ = {isa = PBXBuildFile; fileRef = D0FBB99A1AA4FB60001D5270 /* CreateItineraryDataSource.m */; };
		D0FBB9A01AA514CA001D5270 /* Place.m in Sources */ = {isa = PBXBuildFile; fileRef = D0FBB99F1AA514CA001D5270 /* Place.m */; };
		EE2D4E30F272362330B035BA /* libPods-wormholeTests.a in Frameworks */ = {isa = PBXBuildFile; fileRef = 4CC951F3FD57E0BACDF1C753 /* libPods-wormholeTests.a */; };
/* End PBXBuildFile section */

/* Begin PBXContainerItemProxy section */
		D0B75F4E1AA4B058006DB445 /* PBXContainerItemProxy */ = {
			isa = PBXContainerItemProxy;
			containerPortal = D0B75F2C1AA4B057006DB445 /* Project object */;
			proxyType = 1;
			remoteGlobalIDString = D0B75F331AA4B058006DB445;
			remoteInfo = wormhole;
		};
/* End PBXContainerItemProxy section */

/* Begin PBXFileReference section */
		12EBA698A40C53A5A9F26662 /* Pods-wormholeTests.release.xcconfig */ = {isa = PBXFileReference; includeInIndex = 1; lastKnownFileType = text.xcconfig; name = "Pods-wormholeTests.release.xcconfig"; path = "Pods/Target Support Files/Pods-wormholeTests/Pods-wormholeTests.release.xcconfig"; sourceTree = "<group>"; };
		40B945D093B85387D088A70A /* Pods-wormholeTests.debug.xcconfig */ = {isa = PBXFileReference; includeInIndex = 1; lastKnownFileType = text.xcconfig; name = "Pods-wormholeTests.debug.xcconfig"; path = "Pods/Target Support Files/Pods-wormholeTests/Pods-wormholeTests.debug.xcconfig"; sourceTree = "<group>"; };
		4CC951F3FD57E0BACDF1C753 /* libPods-wormholeTests.a */ = {isa = PBXFileReference; explicitFileType = archive.ar; includeInIndex = 0; path = "libPods-wormholeTests.a"; sourceTree = BUILT_PRODUCTS_DIR; };
		50B9762547A575A3FA6E111A /* libPods-wormhole.a */ = {isa = PBXFileReference; explicitFileType = archive.ar; includeInIndex = 0; path = "libPods-wormhole.a"; sourceTree = BUILT_PRODUCTS_DIR; };
		987A6E07A6E0729946D3C770 /* Pods-wormhole.debug.xcconfig */ = {isa = PBXFileReference; includeInIndex = 1; lastKnownFileType = text.xcconfig; name = "Pods-wormhole.debug.xcconfig"; path = "Pods/Target Support Files/Pods-wormhole/Pods-wormhole.debug.xcconfig"; sourceTree = "<group>"; };
		BB5B0086A8935EA16CD521F6 /* Pods-wormhole.release.xcconfig */ = {isa = PBXFileReference; includeInIndex = 1; lastKnownFileType = text.xcconfig; name = "Pods-wormhole.release.xcconfig"; path = "Pods/Target Support Files/Pods-wormhole/Pods-wormhole.release.xcconfig"; sourceTree = "<group>"; };
		D0B75F341AA4B058006DB445 /* wormhole.app */ = {isa = PBXFileReference; explicitFileType = wrapper.application; includeInIndex = 0; path = wormhole.app; sourceTree = BUILT_PRODUCTS_DIR; };
		D0B75F381AA4B058006DB445 /* Info.plist */ = {isa = PBXFileReference; lastKnownFileType = text.plist.xml; path = Info.plist; sourceTree = "<group>"; };
		D0B75F391AA4B058006DB445 /* main.m */ = {isa = PBXFileReference; lastKnownFileType = sourcecode.c.objc; path = main.m; sourceTree = "<group>"; };
		D0B75F3B1AA4B058006DB445 /* AppDelegate.h */ = {isa = PBXFileReference; lastKnownFileType = sourcecode.c.h; path = AppDelegate.h; sourceTree = "<group>"; };
		D0B75F3C1AA4B058006DB445 /* AppDelegate.m */ = {isa = PBXFileReference; lastKnownFileType = sourcecode.c.objc; path = AppDelegate.m; sourceTree = "<group>"; };
		D0B75F3E1AA4B058006DB445 /* CreateItineraryViewController.h */ = {isa = PBXFileReference; lastKnownFileType = sourcecode.c.h; path = CreateItineraryViewController.h; sourceTree = "<group>"; };
		D0B75F3F1AA4B058006DB445 /* CreateItineraryViewController.m */ = {isa = PBXFileReference; lastKnownFileType = sourcecode.c.objc; path = CreateItineraryViewController.m; sourceTree = "<group>"; };
		D0B75F421AA4B058006DB445 /* Base */ = {isa = PBXFileReference; lastKnownFileType = file.storyboard; name = Base; path = Base.lproj/Main.storyboard; sourceTree = "<group>"; };
		D0B75F441AA4B058006DB445 /* Images.xcassets */ = {isa = PBXFileReference; lastKnownFileType = folder.assetcatalog; path = Images.xcassets; sourceTree = "<group>"; };
		D0B75F471AA4B058006DB445 /* Base */ = {isa = PBXFileReference; lastKnownFileType = file.xib; name = Base; path = Base.lproj/LaunchScreen.xib; sourceTree = "<group>"; };
		D0B75F4D1AA4B058006DB445 /* wormholeTests.xctest */ = {isa = PBXFileReference; explicitFileType = wrapper.cfbundle; includeInIndex = 0; path = wormholeTests.xctest; sourceTree = BUILT_PRODUCTS_DIR; };
		D0B75F521AA4B058006DB445 /* Info.plist */ = {isa = PBXFileReference; lastKnownFileType = text.plist.xml; path = Info.plist; sourceTree = "<group>"; };
		D0B75F531AA4B058006DB445 /* wormholeTests.m */ = {isa = PBXFileReference; lastKnownFileType = sourcecode.c.objc; path = wormholeTests.m; sourceTree = "<group>"; };
		D0FBB98D1AA4ECEB001D5270 /* HereAPI.h */ = {isa = PBXFileReference; fileEncoding = 4; lastKnownFileType = sourcecode.c.h; path = HereAPI.h; sourceTree = "<group>"; };
		D0FBB98E1AA4ECEB001D5270 /* HereAPI.m */ = {isa = PBXFileReference; fileEncoding = 4; lastKnownFileType = sourcecode.c.objc; path = HereAPI.m; sourceTree = "<group>"; };
		D0FBB9921AA4F321001D5270 /* Localizable.strings */ = {isa = PBXFileReference; fileEncoding = 4; lastKnownFileType = text.plist.strings; path = Localizable.strings; sourceTree = "<group>"; };
		D0FBB9941AA4F3A6001D5270 /* pt-BR */ = {isa = PBXFileReference; lastKnownFileType = text.plist.strings; name = "pt-BR"; path = "pt-BR.lproj/Main.strings"; sourceTree = "<group>"; };
		D0FBB9951AA4F3A6001D5270 /* pt-BR */ = {isa = PBXFileReference; lastKnownFileType = text.plist.strings; name = "pt-BR"; path = "pt-BR.lproj/LaunchScreen.strings"; sourceTree = "<group>"; };
		D0FBB9961AA4F67D001D5270 /* SearchViewController.h */ = {isa = PBXFileReference; fileEncoding = 4; lastKnownFileType = sourcecode.c.h; path = SearchViewController.h; sourceTree = "<group>"; };
		D0FBB9971AA4F67D001D5270 /* SearchViewController.m */ = {isa = PBXFileReference; fileEncoding = 4; lastKnownFileType = sourcecode.c.objc; path = SearchViewController.m; sourceTree = "<group>"; };
		D0FBB9991AA4FB60001D5270 /* CreateItineraryDataSource.h */ = {isa = PBXFileReference; fileEncoding = 4; lastKnownFileType = sourcecode.c.h; path = CreateItineraryDataSource.h; sourceTree = "<group>"; };
		D0FBB99A1AA4FB60001D5270 /* CreateItineraryDataSource.m */ = {isa = PBXFileReference; fileEncoding = 4; lastKnownFileType = sourcecode.c.objc; path = CreateItineraryDataSource.m; sourceTree = "<group>"; };
		D0FBB99E1AA514CA001D5270 /* Place.h */ = {isa = PBXFileReference; fileEncoding = 4; lastKnownFileType = sourcecode.c.h; path = Place.h; sourceTree = "<group>"; };
		D0FBB99F1AA514CA001D5270 /* Place.m */ = {isa = PBXFileReference; fileEncoding = 4; lastKnownFileType = sourcecode.c.objc; path = Place.m; sourceTree = "<group>"; };
/* End PBXFileReference section */

/* Begin PBXFrameworksBuildPhase section */
		D0B75F311AA4B058006DB445 /* Frameworks */ = {
			isa = PBXFrameworksBuildPhase;
			buildActionMask = 2147483647;
			files = (
				ACA57549D18BBC4B10AE6D17 /* libPods-wormhole.a in Frameworks */,
			);
			runOnlyForDeploymentPostprocessing = 0;
		};
		D0B75F4A1AA4B058006DB445 /* Frameworks */ = {
			isa = PBXFrameworksBuildPhase;
			buildActionMask = 2147483647;
			files = (
				EE2D4E30F272362330B035BA /* libPods-wormholeTests.a in Frameworks */,
			);
			runOnlyForDeploymentPostprocessing = 0;
		};
/* End PBXFrameworksBuildPhase section */

/* Begin PBXGroup section */
		B24DB31FD2AE0023DFB1D4EE /* Pods */ = {
			isa = PBXGroup;
			children = (
				987A6E07A6E0729946D3C770 /* Pods-wormhole.debug.xcconfig */,
				BB5B0086A8935EA16CD521F6 /* Pods-wormhole.release.xcconfig */,
				40B945D093B85387D088A70A /* Pods-wormholeTests.debug.xcconfig */,
				12EBA698A40C53A5A9F26662 /* Pods-wormholeTests.release.xcconfig */,
			);
			name = Pods;
			sourceTree = "<group>";
		};
		BE4240F2BEB7BC699D24FE55 /* Frameworks */ = {
			isa = PBXGroup;
			children = (
				50B9762547A575A3FA6E111A /* libPods-wormhole.a */,
				4CC951F3FD57E0BACDF1C753 /* libPods-wormholeTests.a */,
			);
			name = Frameworks;
			sourceTree = "<group>";
		};
		D0B75F2B1AA4B057006DB445 = {
			isa = PBXGroup;
			children = (
				D0FBB99E1AA514CA001D5270 /* Place.h */,
				D0FBB99F1AA514CA001D5270 /* Place.m */,
				D0FBB9921AA4F321001D5270 /* Localizable.strings */,
				D0FBB98C1AA4ECC3001D5270 /* API */,
				D0B75F361AA4B058006DB445 /* wormhole */,
				D0B75F501AA4B058006DB445 /* wormholeTests */,
				D0B75F351AA4B058006DB445 /* Products */,
				B24DB31FD2AE0023DFB1D4EE /* Pods */,
				BE4240F2BEB7BC699D24FE55 /* Frameworks */,
			);
			sourceTree = "<group>";
		};
		D0B75F351AA4B058006DB445 /* Products */ = {
			isa = PBXGroup;
			children = (
				D0B75F341AA4B058006DB445 /* wormhole.app */,
				D0B75F4D1AA4B058006DB445 /* wormholeTests.xctest */,
			);
			name = Products;
			sourceTree = "<group>";
		};
		D0B75F361AA4B058006DB445 /* wormhole */ = {
			isa = PBXGroup;
			children = (
				D0FBB99C1AA50A18001D5270 /* Create Itinerary */,
				D0FBB99D1AA50A2E001D5270 /* Search Itinerary */,
				D0B75F411AA4B058006DB445 /* Main.storyboard */,
				D0B75F441AA4B058006DB445 /* Images.xcassets */,
				D0B75F461AA4B058006DB445 /* LaunchScreen.xib */,
				D0B75F371AA4B058006DB445 /* Supporting Files */,
			);
			path = wormhole;
			sourceTree = "<group>";
		};
		D0B75F371AA4B058006DB445 /* Supporting Files */ = {
			isa = PBXGroup;
			children = (
				D0B75F3B1AA4B058006DB445 /* AppDelegate.h */,
				D0B75F3C1AA4B058006DB445 /* AppDelegate.m */,
				D0B75F381AA4B058006DB445 /* Info.plist */,
				D0B75F391AA4B058006DB445 /* main.m */,
			);
			name = "Supporting Files";
			sourceTree = "<group>";
		};
		D0B75F501AA4B058006DB445 /* wormholeTests */ = {
			isa = PBXGroup;
			children = (
				D0B75F531AA4B058006DB445 /* wormholeTests.m */,
				D0B75F511AA4B058006DB445 /* Supporting Files */,
			);
			path = wormholeTests;
			sourceTree = "<group>";
		};
		D0B75F511AA4B058006DB445 /* Supporting Files */ = {
			isa = PBXGroup;
			children = (
				D0B75F521AA4B058006DB445 /* Info.plist */,
			);
			name = "Supporting Files";
			sourceTree = "<group>";
		};
		D0FBB98C1AA4ECC3001D5270 /* API */ = {
			isa = PBXGroup;
			children = (
				D0FBB98D1AA4ECEB001D5270 /* HereAPI.h */,
				D0FBB98E1AA4ECEB001D5270 /* HereAPI.m */,
			);
			name = API;
			sourceTree = "<group>";
		};
		D0FBB99C1AA50A18001D5270 /* Create Itinerary */ = {
			isa = PBXGroup;
			children = (
				D0FBB9991AA4FB60001D5270 /* CreateItineraryDataSource.h */,
				D0FBB99A1AA4FB60001D5270 /* CreateItineraryDataSource.m */,
				D0B75F3E1AA4B058006DB445 /* CreateItineraryViewController.h */,
				D0B75F3F1AA4B058006DB445 /* CreateItineraryViewController.m */,
			);
			name = "Create Itinerary";
			sourceTree = "<group>";
		};
		D0FBB99D1AA50A2E001D5270 /* Search Itinerary */ = {
			isa = PBXGroup;
			children = (
				D0FBB9961AA4F67D001D5270 /* SearchViewController.h */,
				D0FBB9971AA4F67D001D5270 /* SearchViewController.m */,
			);
			name = "Search Itinerary";
			sourceTree = "<group>";
		};
/* End PBXGroup section */

/* Begin PBXNativeTarget section */
		D0B75F331AA4B058006DB445 /* wormhole */ = {
			isa = PBXNativeTarget;
			buildConfigurationList = D0B75F571AA4B058006DB445 /* Build configuration list for PBXNativeTarget "wormhole" */;
			buildPhases = (
				57C417991C8B836F598AA3DE /* Check Pods Manifest.lock */,
				D0B75F301AA4B058006DB445 /* Sources */,
				D0B75F311AA4B058006DB445 /* Frameworks */,
				D0B75F321AA4B058006DB445 /* Resources */,
				E7840E5EBD816470A3D4BDC2 /* Copy Pods Resources */,
			);
			buildRules = (
			);
			dependencies = (
			);
			name = wormhole;
			productName = wormhole;
			productReference = D0B75F341AA4B058006DB445 /* wormhole.app */;
			productType = "com.apple.product-type.application";
		};
		D0B75F4C1AA4B058006DB445 /* wormholeTests */ = {
			isa = PBXNativeTarget;
			buildConfigurationList = D0B75F5A1AA4B058006DB445 /* Build configuration list for PBXNativeTarget "wormholeTests" */;
			buildPhases = (
				8EC87FF2D55E4DADA289A36F /* Check Pods Manifest.lock */,
				D0B75F491AA4B058006DB445 /* Sources */,
				D0B75F4A1AA4B058006DB445 /* Frameworks */,
				D0B75F4B1AA4B058006DB445 /* Resources */,
				00C99A00D9741A65EAA4E9D6 /* Copy Pods Resources */,
			);
			buildRules = (
			);
			dependencies = (
				D0B75F4F1AA4B058006DB445 /* PBXTargetDependency */,
			);
			name = wormholeTests;
			productName = wormholeTests;
			productReference = D0B75F4D1AA4B058006DB445 /* wormholeTests.xctest */;
			productType = "com.apple.product-type.bundle.unit-test";
		};
/* End PBXNativeTarget section */

/* Begin PBXProject section */
		D0B75F2C1AA4B057006DB445 /* Project object */ = {
			isa = PBXProject;
			attributes = {
				LastUpgradeCheck = 0610;
				ORGANIZATIONNAME = azapp;
				TargetAttributes = {
					D0B75F331AA4B058006DB445 = {
						CreatedOnToolsVersion = 6.1.1;
					};
					D0B75F4C1AA4B058006DB445 = {
						CreatedOnToolsVersion = 6.1.1;
						TestTargetID = D0B75F331AA4B058006DB445;
					};
				};
			};
			buildConfigurationList = D0B75F2F1AA4B057006DB445 /* Build configuration list for PBXProject "wormhole" */;
			compatibilityVersion = "Xcode 3.2";
			developmentRegion = English;
			hasScannedForEncodings = 0;
			knownRegions = (
				en,
				Base,
			);
			mainGroup = D0B75F2B1AA4B057006DB445;
			productRefGroup = D0B75F351AA4B058006DB445 /* Products */;
			projectDirPath = "";
			projectRoot = "";
			targets = (
				D0B75F331AA4B058006DB445 /* wormhole */,
				D0B75F4C1AA4B058006DB445 /* wormholeTests */,
			);
		};
/* End PBXProject section */

/* Begin PBXResourcesBuildPhase section */
		D0B75F321AA4B058006DB445 /* Resources */ = {
			isa = PBXResourcesBuildPhase;
			buildActionMask = 2147483647;
			files = (
				D0B75F431AA4B058006DB445 /* Main.storyboard in Resources */,
				D0FBB9931AA4F321001D5270 /* Localizable.strings in Resources */,
				D0B75F481AA4B058006DB445 /* LaunchScreen.xib in Resources */,
				D0B75F451AA4B058006DB445 /* Images.xcassets in Resources */,
			);
			runOnlyForDeploymentPostprocessing = 0;
		};
		D0B75F4B1AA4B058006DB445 /* Resources */ = {
			isa = PBXResourcesBuildPhase;
			buildActionMask = 2147483647;
			files = (
			);
			runOnlyForDeploymentPostprocessing = 0;
		};
/* End PBXResourcesBuildPhase section */

/* Begin PBXShellScriptBuildPhase section */
		00C99A00D9741A65EAA4E9D6 /* Copy Pods Resources */ = {
			isa = PBXShellScriptBuildPhase;
			buildActionMask = 2147483647;
			files = (
			);
			inputPaths = (
			);
			name = "Copy Pods Resources";
			outputPaths = (
			);
			runOnlyForDeploymentPostprocessing = 0;
			shellPath = /bin/sh;
			shellScript = "\"${SRCROOT}/Pods/Target Support Files/Pods-wormholeTests/Pods-wormholeTests-resources.sh\"\n";
			showEnvVarsInLog = 0;
		};
		57C417991C8B836F598AA3DE /* Check Pods Manifest.lock */ = {
			isa = PBXShellScriptBuildPhase;
			buildActionMask = 2147483647;
			files = (
			);
			inputPaths = (
			);
			name = "Check Pods Manifest.lock";
			outputPaths = (
			);
			runOnlyForDeploymentPostprocessing = 0;
			shellPath = /bin/sh;
			shellScript = "diff \"${PODS_ROOT}/../Podfile.lock\" \"${PODS_ROOT}/Manifest.lock\" > /dev/null\nif [[ $? != 0 ]] ; then\n    cat << EOM\nerror: The sandbox is not in sync with the Podfile.lock. Run 'pod install' or update your CocoaPods installation.\nEOM\n    exit 1\nfi\n";
			showEnvVarsInLog = 0;
		};
		8EC87FF2D55E4DADA289A36F /* Check Pods Manifest.lock */ = {
			isa = PBXShellScriptBuildPhase;
			buildActionMask = 2147483647;
			files = (
			);
			inputPaths = (
			);
			name = "Check Pods Manifest.lock";
			outputPaths = (
			);
			runOnlyForDeploymentPostprocessing = 0;
			shellPath = /bin/sh;
			shellScript = "diff \"${PODS_ROOT}/../Podfile.lock\" \"${PODS_ROOT}/Manifest.lock\" > /dev/null\nif [[ $? != 0 ]] ; then\n    cat << EOM\nerror: The sandbox is not in sync with the Podfile.lock. Run 'pod install' or update your CocoaPods installation.\nEOM\n    exit 1\nfi\n";
			showEnvVarsInLog = 0;
		};
		E7840E5EBD816470A3D4BDC2 /* Copy Pods Resources */ = {
			isa = PBXShellScriptBuildPhase;
			buildActionMask = 2147483647;
			files = (
			);
			inputPaths = (
			);
			name = "Copy Pods Resources";
			outputPaths = (
			);
			runOnlyForDeploymentPostprocessing = 0;
			shellPath = /bin/sh;
			shellScript = "\"${SRCROOT}/Pods/Target Support Files/Pods-wormhole/Pods-wormhole-resources.sh\"\n";
			showEnvVarsInLog = 0;
		};
/* End PBXShellScriptBuildPhase section */

/* Begin PBXSourcesBuildPhase section */
		D0B75F301AA4B058006DB445 /* Sources */ = {
			isa = PBXSourcesBuildPhase;
			buildActionMask = 2147483647;
			files = (
				D0B75F401AA4B058006DB445 /* CreateItineraryViewController.m in Sources */,
				D0B75F3D1AA4B058006DB445 /* AppDelegate.m in Sources */,
				D0FBB9A01AA514CA001D5270 /* Place.m in Sources */,
				D0FBB99B1AA4FB60001D5270 /* CreateItineraryDataSource.m in Sources */,
				D0FBB9981AA4F67D001D5270 /* SearchViewController.m in Sources */,
				D0FBB98F1AA4ECEB001D5270 /* HereAPI.m in Sources */,
				D0B75F3A1AA4B058006DB445 /* main.m in Sources */,
			);
			runOnlyForDeploymentPostprocessing = 0;
		};
		D0B75F491AA4B058006DB445 /* Sources */ = {
			isa = PBXSourcesBuildPhase;
			buildActionMask = 2147483647;
			files = (
				D0B75F541AA4B058006DB445 /* wormholeTests.m in Sources */,
			);
			runOnlyForDeploymentPostprocessing = 0;
		};
/* End PBXSourcesBuildPhase section */

/* Begin PBXTargetDependency section */
		D0B75F4F1AA4B058006DB445 /* PBXTargetDependency */ = {
			isa = PBXTargetDependency;
			target = D0B75F331AA4B058006DB445 /* wormhole */;
			targetProxy = D0B75F4E1AA4B058006DB445 /* PBXContainerItemProxy */;
		};
/* End PBXTargetDependency section */

/* Begin PBXVariantGroup section */
		D0B75F411AA4B058006DB445 /* Main.storyboard */ = {
			isa = PBXVariantGroup;
			children = (
				D0B75F421AA4B058006DB445 /* Base */,
				D0FBB9941AA4F3A6001D5270 /* pt-BR */,
			);
			name = Main.storyboard;
			sourceTree = "<group>";
		};
		D0B75F461AA4B058006DB445 /* LaunchScreen.xib */ = {
			isa = PBXVariantGroup;
			children = (
				D0B75F471AA4B058006DB445 /* Base */,
				D0FBB9951AA4F3A6001D5270 /* pt-BR */,
			);
			name = LaunchScreen.xib;
			sourceTree = "<group>";
		};
/* End PBXVariantGroup section */

/* Begin XCBuildConfiguration section */
		D0B75F551AA4B058006DB445 /* Debug */ = {
			isa = XCBuildConfiguration;
			buildSettings = {
				ALWAYS_SEARCH_USER_PATHS = NO;
				CLANG_CXX_LANGUAGE_STANDARD = "gnu++0x";
				CLANG_CXX_LIBRARY = "libc++";
				CLANG_ENABLE_MODULES = YES;
				CLANG_ENABLE_OBJC_ARC = YES;
				CLANG_WARN_BOOL_CONVERSION = YES;
				CLANG_WARN_CONSTANT_CONVERSION = YES;
				CLANG_WARN_DIRECT_OBJC_ISA_USAGE = YES_ERROR;
				CLANG_WARN_EMPTY_BODY = YES;
				CLANG_WARN_ENUM_CONVERSION = YES;
				CLANG_WARN_INT_CONVERSION = YES;
				CLANG_WARN_OBJC_ROOT_CLASS = YES_ERROR;
				CLANG_WARN_UNREACHABLE_CODE = YES;
				CLANG_WARN__DUPLICATE_METHOD_MATCH = YES;
				"CODE_SIGN_IDENTITY[sdk=iphoneos*]" = "iPhone Developer";
				COPY_PHASE_STRIP = NO;
				ENABLE_STRICT_OBJC_MSGSEND = YES;
				GCC_C_LANGUAGE_STANDARD = gnu99;
				GCC_DYNAMIC_NO_PIC = NO;
				GCC_OPTIMIZATION_LEVEL = 0;
				GCC_PREPROCESSOR_DEFINITIONS = (
					"DEBUG=1",
					"$(inherited)",
				);
				GCC_SYMBOLS_PRIVATE_EXTERN = NO;
				GCC_WARN_64_TO_32_BIT_CONVERSION = YES;
				GCC_WARN_ABOUT_RETURN_TYPE = YES_ERROR;
				GCC_WARN_UNDECLARED_SELECTOR = YES;
				GCC_WARN_UNINITIALIZED_AUTOS = YES_AGGRESSIVE;
				GCC_WARN_UNUSED_FUNCTION = YES;
				GCC_WARN_UNUSED_VARIABLE = YES;
				IPHONEOS_DEPLOYMENT_TARGET = 8.1;
				MTL_ENABLE_DEBUG_INFO = YES;
				ONLY_ACTIVE_ARCH = YES;
				SDKROOT = iphoneos;
				TARGETED_DEVICE_FAMILY = "1,2";
			};
			name = Debug;
		};
		D0B75F561AA4B058006DB445 /* Release */ = {
			isa = XCBuildConfiguration;
			buildSettings = {
				ALWAYS_SEARCH_USER_PATHS = NO;
				CLANG_CXX_LANGUAGE_STANDARD = "gnu++0x";
				CLANG_CXX_LIBRARY = "libc++";
				CLANG_ENABLE_MODULES = YES;
				CLANG_ENABLE_OBJC_ARC = YES;
				CLANG_WARN_BOOL_CONVERSION = YES;
				CLANG_WARN_CONSTANT_CONVERSION = YES;
				CLANG_WARN_DIRECT_OBJC_ISA_USAGE = YES_ERROR;
				CLANG_WARN_EMPTY_BODY = YES;
				CLANG_WARN_ENUM_CONVERSION = YES;
				CLANG_WARN_INT_CONVERSION = YES;
				CLANG_WARN_OBJC_ROOT_CLASS = YES_ERROR;
				CLANG_WARN_UNREACHABLE_CODE = YES;
				CLANG_WARN__DUPLICATE_METHOD_MATCH = YES;
				"CODE_SIGN_IDENTITY[sdk=iphoneos*]" = "iPhone Developer";
				COPY_PHASE_STRIP = YES;
				ENABLE_NS_ASSERTIONS = NO;
				ENABLE_STRICT_OBJC_MSGSEND = YES;
				GCC_C_LANGUAGE_STANDARD = gnu99;
				GCC_WARN_64_TO_32_BIT_CONVERSION = YES;
				GCC_WARN_ABOUT_RETURN_TYPE = YES_ERROR;
				GCC_WARN_UNDECLARED_SELECTOR = YES;
				GCC_WARN_UNINITIALIZED_AUTOS = YES_AGGRESSIVE;
				GCC_WARN_UNUSED_FUNCTION = YES;
				GCC_WARN_UNUSED_VARIABLE = YES;
				IPHONEOS_DEPLOYMENT_TARGET = 8.1;
				MTL_ENABLE_DEBUG_INFO = NO;
				SDKROOT = iphoneos;
				TARGETED_DEVICE_FAMILY = "1,2";
				VALIDATE_PRODUCT = YES;
			};
			name = Release;
		};
		D0B75F581AA4B058006DB445 /* Debug */ = {
			isa = XCBuildConfiguration;
			baseConfigurationReference = 987A6E07A6E0729946D3C770 /* Pods-wormhole.debug.xcconfig */;
			buildSettings = {
				ASSETCATALOG_COMPILER_APPICON_NAME = AppIcon;
				INFOPLIST_FILE = wormhole/Info.plist;
				IPHONEOS_DEPLOYMENT_TARGET = 8.0;
				LD_RUNPATH_SEARCH_PATHS = "$(inherited) @executable_path/Frameworks";
				PRODUCT_NAME = "$(TARGET_NAME)";
			};
			name = Debug;
		};
		D0B75F591AA4B058006DB445 /* Release */ = {
			isa = XCBuildConfiguration;
			baseConfigurationReference = BB5B0086A8935EA16CD521F6 /* Pods-wormhole.release.xcconfig */;
			buildSettings = {
				ASSETCATALOG_COMPILER_APPICON_NAME = AppIcon;
				INFOPLIST_FILE = wormhole/Info.plist;
				IPHONEOS_DEPLOYMENT_TARGET = 8.0;
				LD_RUNPATH_SEARCH_PATHS = "$(inherited) @executable_path/Frameworks";
				PRODUCT_NAME = "$(TARGET_NAME)";
			};
			name = Release;
		};
		D0B75F5B1AA4B058006DB445 /* Debug */ = {
			isa = XCBuildConfiguration;
			baseConfigurationReference = 40B945D093B85387D088A70A /* Pods-wormholeTests.debug.xcconfig */;
			buildSettings = {
				BUNDLE_LOADER = "$(TEST_HOST)";
				FRAMEWORK_SEARCH_PATHS = (
					"$(SDKROOT)/Developer/Library/Frameworks",
					"$(inherited)",
				);
				GCC_PREPROCESSOR_DEFINITIONS = (
					"DEBUG=1",
					"$(inherited)",
				);
				INFOPLIST_FILE = wormholeTests/Info.plist;
				LD_RUNPATH_SEARCH_PATHS = "$(inherited) @executable_path/Frameworks @loader_path/Frameworks";
				PRODUCT_NAME = "$(TARGET_NAME)";
				TEST_HOST = "$(BUILT_PRODUCTS_DIR)/wormhole.app/wormhole";
			};
			name = Debug;
		};
		D0B75F5C1AA4B058006DB445 /* Release */ = {
			isa = XCBuildConfiguration;
			baseConfigurationReference = 12EBA698A40C53A5A9F26662 /* Pods-wormholeTests.release.xcconfig */;
			buildSettings = {
				BUNDLE_LOADER = "$(TEST_HOST)";
				FRAMEWORK_SEARCH_PATHS = (
					"$(SDKROOT)/Developer/Library/Frameworks",
					"$(inherited)",
				);
				INFOPLIST_FILE = wormholeTests/Info.plist;
				LD_RUNPATH_SEARCH_PATHS = "$(inherited) @executable_path/Frameworks @loader_path/Frameworks";
				PRODUCT_NAME = "$(TARGET_NAME)";
				TEST_HOST = "$(BUILT_PRODUCTS_DIR)/wormhole.app/wormhole";
			};
			name = Release;
		};
/* End XCBuildConfiguration section */

/* Begin XCConfigurationList section */
		D0B75F2F1AA4B057006DB445 /* Build configuration list for PBXProject "wormhole" */ = {
			isa = XCConfigurationList;
			buildConfigurations = (
				D0B75F551AA4B058006DB445 /* Debug */,
				D0B75F561AA4B058006DB445 /* Release */,
			);
			defaultConfigurationIsVisible = 0;
			defaultConfigurationName = Release;
		};
		D0B75F571AA4B058006DB445 /* Build configuration list for PBXNativeTarget "wormhole" */ = {
			isa = XCConfigurationList;
			buildConfigurations = (
				D0B75F581AA4B058006DB445 /* Debug */,
				D0B75F591AA4B058006DB445 /* Release */,
			);
			defaultConfigurationIsVisible = 0;
			defaultConfigurationName = Release;
		};
		D0B75F5A1AA4B058006DB445 /* Build configuration list for PBXNativeTarget "wormholeTests" */ = {
			isa = XCConfigurationList;
			buildConfigurations = (
				D0B75F5B1AA4B058006DB445 /* Debug */,
				D0B75F5C1AA4B058006DB445 /* Release */,
			);
			defaultConfigurationIsVisible = 0;
			defaultConfigurationName = Release;
		};
/* End XCConfigurationList section */
	};
	rootObject = D0B75F2C1AA4B057006DB445 /* Project object */;
}
